
Microsoft Visual Studio Solution File, Format Version 12.00
# Visual Studio Version 17
VisualStudioVersion = 17.9.34728.123
MinimumVisualStudioVersion = 10.0.40219.1
Project("{FAE04EC0-301F-11D3-BF4B-00C04F79EFBC}") = "MobileFunk", "MobileFunk.csproj", "{419F6E96-9BC4-476A-AF2F-D6CF5327EBFA}"
EndProject
Project("{FAE04EC0-301F-11D3-BF4B-00C04F79EFBC}") = "FuncRechner", "..\FuncRechner\FuncRechner.csproj", "{95156EFC-BB0D-49E7-B948-27F54DB47703}"
EndProject
Global
	GlobalSection(SolutionConfigurationPlatforms) = preSolution
		Debug|Any CPU = Debug|Any CPU
		Release|Any CPU = Release|Any CPU
	EndGlobalSection
	GlobalSection(ProjectConfigurationPlatforms) = postSolution
		{419F6E96-9BC4-476A-AF2F-D6CF5327EBFA}.Debug|Any CPU.ActiveCfg = Debug|Any CPU
		{419F6E96-9BC4-476A-AF2F-D6CF5327EBFA}.Debug|Any CPU.Build.0 = Debug|Any CPU
		{419F6E96-9BC4-476A-AF2F-D6CF5327EBFA}.Release|Any CPU.ActiveCfg = Release|Any CPU
		{419F6E96-9BC4-476A-AF2F-D6CF5327EBFA}.Release|Any CPU.Build.0 = Release|Any CPU
		{95156EFC-BB0D-49E7-B948-27F54DB47703}.Debug|Any CPU.ActiveCfg = Debug|Any CPU
		{95156EFC-BB0D-49E7-B948-27F54DB47703}.Debug|Any CPU.Build.0 = Debug|Any CPU
		{95156EFC-BB0D-49E7-B948-27F54DB47703}.Release|Any CPU.ActiveCfg = Release|Any CPU
		{95156EFC-BB0D-49E7-B948-27F54DB47703}.Release|Any CPU.Build.0 = Release|Any CPU
	EndGlobalSection
	GlobalSection(SolutionProperties) = preSolution
		HideSolutionNode = FALSE
	EndGlobalSection
	GlobalSection(ExtensibilityGlobals) = postSolution
		SolutionGuid = {3A124920-039B-4E50-8407-581877630AE6}
	EndGlobalSection
EndGlobal
